
Microsoft Visual Studio Solution File, Format Version 12.00
# Visual Studio Version 17
VisualStudioVersion = 17.2.32616.157
MinimumVisualStudioVersion = 10.0.40219.1
Project("{FAE04EC0-301F-11D3-BF4B-00C04F79EFBC}") = "WPF_MVVM_Reserve", "WPF_MVVM_Reserve\WPF_MVVM_Reserve.csproj", "{F2147655-2723-470D-AC53-2F033A9C724F}"
EndProject
Global
	GlobalSection(SolutionConfigurationPlatforms) = preSolution
		Debug|Any CPU = Debug|Any CPU
		Release|Any CPU = Release|Any CPU
	EndGlobalSection
	GlobalSection(ProjectConfigurationPlatforms) = postSolution
		{F2147655-2723-470D-AC53-2F033A9C724F}.Debug|Any CPU.ActiveCfg = Debug|Any CPU
		{F2147655-2723-470D-AC53-2F033A9C724F}.Debug|Any CPU.Build.0 = Debug|Any CPU
		{F2147655-2723-470D-AC53-2F033A9C724F}.Release|Any CPU.ActiveCfg = Release|Any CPU
		{F2147655-2723-470D-AC53-2F033A9C724F}.Release|Any CPU.Build.0 = Release|Any CPU
	EndGlobalSection
	GlobalSection(SolutionProperties) = preSolution
		HideSolutionNode = FALSE
	EndGlobalSection
	GlobalSection(ExtensibilityGlobals) = postSolution
		SolutionGuid = {87BF4009-F8CB-40E3-A13A-DAC41FB20172}
	EndGlobalSection
EndGlobal
